
Microsoft Visual Studio Solution File, Format Version 12.00
# Visual Studio Version 17
VisualStudioVersion = 17.5.33627.172
MinimumVisualStudioVersion = 10.0.40219.1
Project("{9A19103F-16F7-4668-BE54-9A1E7A4F7556}") = "Threads.Test", "Threads.Test\Threads.Test.csproj", "{FE2CA103-A128-4245-8B37-D22A782BD167}"
EndProject
Global
	GlobalSection(SolutionConfigurationPlatforms) = preSolution
		Debug|Any CPU = Debug|Any CPU
		Release|Any CPU = Release|Any CPU
	EndGlobalSection
	GlobalSection(ProjectConfigurationPlatforms) = postSolution
		{FE2CA103-A128-4245-8B37-D22A782BD167}.Debug|Any CPU.ActiveCfg = Debug|Any CPU
		{FE2CA103-A128-4245-8B37-D22A782BD167}.Debug|Any CPU.Build.0 = Debug|Any CPU
		{FE2CA103-A128-4245-8B37-D22A782BD167}.Release|Any CPU.ActiveCfg = Release|Any CPU
		{FE2CA103-A128-4245-8B37-D22A782BD167}.Release|Any CPU.Build.0 = Release|Any CPU
	EndGlobalSection
	GlobalSection(SolutionProperties) = preSolution
		HideSolutionNode = FALSE
	EndGlobalSection
	GlobalSection(ExtensibilityGlobals) = postSolution
		SolutionGuid = {6D5DF023-F6F7-4C2E-AEEB-7E381E5529C5}
	EndGlobalSection
EndGlobal
